<?xml version="1.0" encoding="utf-8"?>
<Project ToolsVersion="4.0" xmlns="http://schemas.microsoft.com/developer/msbuild/2003">
  <ItemGroup>
    <Filter Include="Source Files">
      <UniqueIdentifier>{4FC737F1-C7A5-4376-A066-2A32D752A2FF}</UniqueIdentifier>
      <Extensions>cpp;c;cc;cxx;def;odl;idl;hpj;bat;asm;asmx</Extensions>
    </Filter>
    <Filter Include="Header Files">
      <UniqueIdentifier>{93995380-89BD-4b04-88EB-625FBE52EBFB}</UniqueIdentifier>
      <Extensions>h;hh;hpp;hxx;hm;inl;inc;xsd</Extensions>
    </Filter>
    <Filter Include="Resource Files">
      <UniqueIdentifier>{67DA6AB6-F800-4c08-8B7A-83BB121AAD01}</UniqueIdentifier>
      <Extensions>rc;ico;cur;bmp;dlg;rc2;rct;bin;rgs;gif;jpg;jpeg;jpe;resx;tiff;tif;png;wav;mfcribbon-ms</Extensions>
    </Filter>
    <Filter Include="Source Files\Math">
      <UniqueIdentifier>{f7c25ba2-bdee-4e09-a604-e3e9fbb8d744}</UniqueIdentifier>
    </Filter>
    <Filter Include="Header Files\Math">
      <UniqueIdentifier>{4d59ae04-be7c-4e53-bbfe-dbd882e12282}</UniqueIdentifier>
    </Filter>
    <Filter Include="Shaders">
      <UniqueIdentifier>{f8b31748-bbd0-458c-aa34-760a79c5c2a8}</UniqueIdentifier>
    </Filter>
    <Filter Include="Scripts">
      <UniqueIdentifier>{0e5d44fa-3d05-4eb0-9cb7-28e109f28c23}</UniqueIdentifier>
    </Filter>
    <Filter Include="ext">
      <UniqueIdentifier>{67e8245f-4e7d-45e7-b9af-c58b4ff5768d}</UniqueIdentifier>
    </Filter>
  </ItemGroup>
  <ItemGroup>
    <ClCompile Include="talgamain.cpp">
      <Filter>Source Files</Filter>
    </ClCompile>
    <ClCompile Include="sys.cpp">
      <Filter>Source Files</Filter>
    </ClCompile>
    <ClCompile Include="GameObject.cpp">
      <Filter>Source Files</Filter>
    </ClCompile>
    <ClCompile Include="luareg.cpp">
      <Filter>Source Files</Filter>
    </ClCompile>
    <ClCompile Include="funkdefs.cpp">
      <Filter>Source Files</Filter>
    </ClCompile>
    <ClCompile Include="label.cpp">
      <Filter>Source Files</Filter>
    </ClCompile>
    <ClCompile Include="font.cpp">
      <Filter>Source Files</Filter>
    </ClCompile>
    <ClCompile Include="luadebugprompt.cpp">
      <Filter>Source Files</Filter>
    </ClCompile>
    <ClCompile Include="PhysicsComponent.cpp">
      <Filter>Source Files</Filter>
    </ClCompile>
    <ClCompile Include="renderableshapes.cpp">
      <Filter>Source Files</Filter>
    </ClCompile>
    <ClCompile Include="Triangle.cpp">
      <Filter>Source Files</Filter>
    </ClCompile>
    <ClCompile Include="Game.cpp">
      <Filter>Source Files</Filter>
    </ClCompile>
    <ClCompile Include="Rectangle.cpp">
      <Filter>Source Files</Filter>
    </ClCompile>
    <ClCompile Include="Transformation2D.cpp">
      <Filter>Source Files</Filter>
    </ClCompile>
    <ClCompile Include="AssetManager.cpp">
      <Filter>Source Files</Filter>
    </ClCompile>
    <ClCompile Include="Clock.cpp">
      <Filter>Source Files</Filter>
    </ClCompile>
    <ClCompile Include="LuaEngine.cpp">
      <Filter>Source Files</Filter>
    </ClCompile>
    <ClCompile Include="Map.cpp">
      <Filter>Source Files</Filter>
    </ClCompile>
    <ClCompile Include="Collision.cpp">
      <Filter>Source Files</Filter>
    </ClCompile>
    <ClCompile Include="Particle.cpp">
      <Filter>Source Files</Filter>
    </ClCompile>
    <ClCompile Include="ParticleEmitter.cpp">
      <Filter>Source Files</Filter>
    </ClCompile>
    <ClCompile Include="AnimSet.cpp">
      <Filter>Source Files</Filter>
    </ClCompile>
    <ClCompile Include="Camera.cpp">
      <Filter>Source Files</Filter>
    </ClCompile>
    <ClCompile Include="Layer.cpp">
      <Filter>Source Files</Filter>
    </ClCompile>
    <ClCompile Include="Renderer.cpp">
      <Filter>Source Files</Filter>
    </ClCompile>
    <ClCompile Include="Rendering.cpp">
      <Filter>Source Files</Filter>
    </ClCompile>
    <ClCompile Include="Sprite.cpp">
      <Filter>Source Files</Filter>
    </ClCompile>
    <ClCompile Include="Texture.cpp">
      <Filter>Source Files</Filter>
    </ClCompile>
    <ClCompile Include="Window.cpp">
      <Filter>Source Files</Filter>
    </ClCompile>
    <ClCompile Include="Interpolation.cpp">
      <Filter>Source Files\Math</Filter>
    </ClCompile>
    <ClCompile Include="Math\Vector2.cpp">
      <Filter>Source Files\Math</Filter>
    </ClCompile>
    <ClCompile Include="Math\Vector3.cpp">
      <Filter>Source Files\Math</Filter>
    </ClCompile>
    <ClCompile Include="Math\Vector4.cpp">
      <Filter>Source Files\Math</Filter>
    </ClCompile>
    <ClCompile Include="Math\Matrix3x3.cpp">
      <Filter>Source Files\Math</Filter>
    </ClCompile>
    <ClCompile Include="Math\Matrix4x4.cpp">
      <Filter>Source Files\Math</Filter>
    </ClCompile>
    <ClCompile Include="Math\Operations.cpp">
      <Filter>Source Files\Math</Filter>
    </ClCompile>
    <ClCompile Include="Math\RandomGen.cpp">
      <Filter>Source Files\Math</Filter>
    </ClCompile>
    <ClCompile Include="StateMachine.cpp">
      <Filter>Source Files</Filter>
    </ClCompile>
    <ClCompile Include="Script.cpp">
      <Filter>Source Files</Filter>
    </ClCompile>
  </ItemGroup>
  <ItemGroup>
    <ClInclude Include="..\..\src\include\Math\Interpolation.h">
      <Filter>Header Files\Math</Filter>
    </ClInclude>
    <ClInclude Include="Matrix3x3.h">
      <Filter>Header Files\Math</Filter>
    </ClInclude>
    <ClInclude Include="Math\Interpolation.h">
      <Filter>Header Files\Math</Filter>
    </ClInclude>
    <ClInclude Include="Math\MathCommon.h">
      <Filter>Header Files\Math</Filter>
    </ClInclude>
    <ClInclude Include="Math\Matrix4x4.h">
      <Filter>Header Files\Math</Filter>
    </ClInclude>
    <ClInclude Include="Math\Vector2.h">
      <Filter>Header Files\Math</Filter>
    </ClInclude>
    <ClInclude Include="Math\Vector4.h">
      <Filter>Header Files\Math</Filter>
    </ClInclude>
    <ClInclude Include="Math\Operations.h">
      <Filter>Header Files\Math</Filter>
    </ClInclude>
    <ClInclude Include="Cmn.h">
      <Filter>Header Files</Filter>
    </ClInclude>
    <ClInclude Include="Math\Vector3.h">
      <Filter>Header Files\Math</Filter>
    </ClInclude>
    <ClInclude Include="Transformation2D.h">
      <Filter>Header Files</Filter>
    </ClInclude>
    <ClInclude Include="Math\RandomGen.h">
      <Filter>Header Files\Math</Filter>
    </ClInclude>
    <ClInclude Include="tassert.h">
      <Filter>Header Files</Filter>
    </ClInclude>
    <ClInclude Include="AAsset.h">
      <Filter>Header Files</Filter>
    </ClInclude>
    <ClInclude Include="sys.h">
      <Filter>Header Files</Filter>
    </ClInclude>
    <ClInclude Include="GameObject.h">
      <Filter>Header Files</Filter>
    </ClInclude>
    <ClInclude Include="luareg.h">
      <Filter>Header Files</Filter>
    </ClInclude>
    <ClInclude Include="funkdefs.h">
      <Filter>Header Files</Filter>
    </ClInclude>
    <ClInclude Include="label.h">
      <Filter>Header Files</Filter>
    </ClInclude>
    <ClInclude Include="luadebugprompt.h">
      <Filter>Header Files</Filter>
    </ClInclude>
    <ClInclude Include="PhysicsComponent.h">
      <Filter>Header Files</Filter>
    </ClInclude>
    <ClInclude Include="renderableshapes.h">
      <Filter>Header Files</Filter>
    </ClInclude>
    <ClInclude Include="Triangle.h">
      <Filter>Header Files</Filter>
    </ClInclude>
    <ClInclude Include="collisiontypes.h">
      <Filter>Header Files</Filter>
    </ClInclude>
    <ClInclude Include="Game.h">
      <Filter>Header Files</Filter>
    </ClInclude>
    <ClInclude Include="IDynamic.h">
      <Filter>Header Files</Filter>
    </ClInclude>
    <ClInclude Include="Rectangle.h">
      <Filter>Header Files</Filter>
    </ClInclude>
    <ClInclude Include="AssetManager.h">
      <Filter>Header Files</Filter>
    </ClInclude>
    <ClInclude Include="Clock.h">
      <Filter>Header Files</Filter>
    </ClInclude>
    <ClInclude Include="LuaEngine.h">
      <Filter>Header Files</Filter>
    </ClInclude>
    <ClInclude Include="Map.h">
      <Filter>Header Files</Filter>
    </ClInclude>
    <ClInclude Include="Collision.h">
      <Filter>Header Files</Filter>
    </ClInclude>
    <ClInclude Include="Particle.h">
      <Filter>Header Files</Filter>
    </ClInclude>
    <ClInclude Include="ParticleEmitter.h">
      <Filter>Header Files</Filter>
    </ClInclude>
    <ClInclude Include="Point.h">
      <Filter>Header Files</Filter>
    </ClInclude>
    <ClInclude Include="Rect.h">
      <Filter>Header Files</Filter>
    </ClInclude>
    <ClInclude Include="AnimSet.h">
      <Filter>Header Files</Filter>
    </ClInclude>
    <ClInclude Include="Camera.h">
      <Filter>Header Files</Filter>
    </ClInclude>
    <ClInclude Include="IRenderable.h">
      <Filter>Header Files</Filter>
    </ClInclude>
    <ClInclude Include="Layer.h">
      <Filter>Header Files</Filter>
    </ClInclude>
    <ClInclude Include="Renderer.h">
      <Filter>Header Files</Filter>
    </ClInclude>
    <ClInclude Include="Rendering.h">
      <Filter>Header Files</Filter>
    </ClInclude>
    <ClInclude Include="Sprite.h">
      <Filter>Header Files</Filter>
    </ClInclude>
    <ClInclude Include="Texture.h">
      <Filter>Header Files</Filter>
    </ClInclude>
    <ClInclude Include="Window.h">
      <Filter>Header Files</Filter>
    </ClInclude>
    <ClInclude Include="StateMachine.h">
      <Filter>Header Files</Filter>
    </ClInclude>
    <ClInclude Include="IState.h">
      <Filter>Header Files</Filter>
    </ClInclude>
    <ClInclude Include="Script.h">
      <Filter>Header Files</Filter>
    </ClInclude>
    <ClInclude Include="font.h">
      <Filter>Header Files</Filter>
    </ClInclude>
  </ItemGroup>
  <ItemGroup>
    <None Include="..\assets\shaders\renderer2d.frag">
      <Filter>Shaders</Filter>
    </None>
    <None Include="..\assets\shaders\renderer2d.vert">
      <Filter>Shaders</Filter>
    </None>
    <None Include="..\assets\scripts\script.lua">
      <Filter>Scripts</Filter>
    </None>
    <None Include="..\assets\scripts\talga.lua">
      <Filter>Scripts</Filter>
    </None>
    <None Include="..\assets\scripts\globals.lua">
      <Filter>Scripts</Filter>
    </None>
    <None Include="..\assets\scripts\sandboxx.lua">
      <Filter>Scripts</Filter>
    </None>
  </ItemGroup>
</Project>